
Microsoft Visual Studio Solution File, Format Version 12.00
# Visual Studio Version 17
VisualStudioVersion = 17.7.34031.279
MinimumVisualStudioVersion = 10.0.40219.1
Project("{FAE04EC0-301F-11D3-BF4B-00C04F79EFBC}") = "LINQ_DZ", "LINQ_DZ\LINQ_DZ.csproj", "{691B38A3-D00D-452E-AFA3-14B2E01A6A99}"
EndProject
Global
	GlobalSection(SolutionConfigurationPlatforms) = preSolution
		Debug|Any CPU = Debug|Any CPU
		Release|Any CPU = Release|Any CPU
	EndGlobalSection
	GlobalSection(ProjectConfigurationPlatforms) = postSolution
		{691B38A3-D00D-452E-AFA3-14B2E01A6A99}.Debug|Any CPU.ActiveCfg = Debug|Any CPU
		{691B38A3-D00D-452E-AFA3-14B2E01A6A99}.Debug|Any CPU.Build.0 = Debug|Any CPU
		{691B38A3-D00D-452E-AFA3-14B2E01A6A99}.Release|Any CPU.ActiveCfg = Release|Any CPU
		{691B38A3-D00D-452E-AFA3-14B2E01A6A99}.Release|Any CPU.Build.0 = Release|Any CPU
	EndGlobalSection
	GlobalSection(SolutionProperties) = preSolution
		HideSolutionNode = FALSE
	EndGlobalSection
	GlobalSection(ExtensibilityGlobals) = postSolution
		SolutionGuid = {F491E8B9-6F42-454E-A80C-C25B8E8A458B}
	EndGlobalSection
EndGlobal
